
Microsoft Visual Studio Solution File, Format Version 12.00
# Visual Studio Version 17
VisualStudioVersion = 17.2.32519.379
MinimumVisualStudioVersion = 10.0.40219.1
Project("{FAE04EC0-301F-11D3-BF4B-00C04F79EFBC}") = "LinkedListProject", "LinkedListProject\LinkedListProject.csproj", "{3E797971-AD93-4D89-87BB-861065236DFE}"
EndProject
Global
	GlobalSection(SolutionConfigurationPlatforms) = preSolution
		Debug|Any CPU = Debug|Any CPU
		Release|Any CPU = Release|Any CPU
	EndGlobalSection
	GlobalSection(ProjectConfigurationPlatforms) = postSolution
		{3E797971-AD93-4D89-87BB-861065236DFE}.Debug|Any CPU.ActiveCfg = Debug|Any CPU
		{3E797971-AD93-4D89-87BB-861065236DFE}.Debug|Any CPU.Build.0 = Debug|Any CPU
		{3E797971-AD93-4D89-87BB-861065236DFE}.Release|Any CPU.ActiveCfg = Release|Any CPU
		{3E797971-AD93-4D89-87BB-861065236DFE}.Release|Any CPU.Build.0 = Release|Any CPU
	EndGlobalSection
	GlobalSection(SolutionProperties) = preSolution
		HideSolutionNode = FALSE
	EndGlobalSection
	GlobalSection(ExtensibilityGlobals) = postSolution
		SolutionGuid = {C7DC22FC-569D-4D40-AD5F-3C5EBDC28B3F}
	EndGlobalSection
EndGlobal
